<?xml version="1.0" encoding="UTF-8"?>
<CodeBlocks_project_file>
	<FileVersion major="1" minor="6"/>
	<Project>
		<Option title="Urho3D-Docs"/>
		<Option makefile_is_custom="1"/>
		<Option compiler="gcc"/>
		<Option virtualFolders="CMake Files\;CMake Files\Source\;CMake Files\Source\ThirdParty\;CMake Files\Source\ThirdParty\Assimp\;CMake Files\Source\ThirdParty\Assimp\include\;CMake Files\Source\ThirdParty\Assimp\include\assimp\;CMake Files\Source\ThirdParty\Assimp\contrib\;CMake Files\Source\ThirdParty\Assimp\contrib\zlib\;CMake Files\Source\ThirdParty\Assimp\code\;CMake Files\Source\ThirdParty\Assimp\cmake-modules\;CMake Files\Source\ThirdParty\FreeType\;CMake Files\Source\ThirdParty\LZ4\;CMake Files\Source\ThirdParty\PugiXml\;CMake Files\Source\ThirdParty\rapidjson\;CMake Files\Source\ThirdParty\SDL\;CMake Files\Source\ThirdParty\SDL\cmake\;CMake Files\Source\ThirdParty\SDL\include\;CMake Files\Source\ThirdParty\StanHull\;CMake Files\Source\ThirdParty\STB\;CMake Files\Source\ThirdParty\AngelScript\;CMake Files\Source\ThirdParty\Lua\;CMake Files\Source\ThirdParty\toluapp\;CMake Files\Source\ThirdParty\toluapp\src\;CMake Files\Source\ThirdParty\toluapp\src\lib\;CMake Files\Source\ThirdParty\toluapp\src\bin\;CMake Files\Source\ThirdParty\Civetweb\;CMake Files\Source\ThirdParty\kNet\;CMake Files\Source\ThirdParty\ik\;CMake Files\Source\ThirdParty\ik\include\;CMake Files\Source\ThirdParty\ik\include\ik\;CMake Files\Source\ThirdParty\Detour\;CMake Files\Source\ThirdParty\DetourCrowd\;CMake Files\Source\ThirdParty\DetourTileCache\;CMake Files\Source\ThirdParty\Recast\;CMake Files\Source\ThirdParty\Box2D\;CMake Files\Source\ThirdParty\WebP\;CMake Files\Source\ThirdParty\Bullet\;CMake Files\Source\ThirdParty\GLEW\;CMake Files\Source\Urho3D\;CMake Files\Source\Tools\;CMake Files\Source\Tools\Urho3DPlayer\;CMake Files\Source\Tools\AssetImporter\;CMake Files\Source\Tools\OgreImporter\;CMake Files\Source\Tools\PackageTool\;CMake Files\Source\Tools\RampGenerator\;CMake Files\Source\Tools\SpritePacker\;CMake Files\Source\Tools\ScriptCompiler\;CMake Files\Source\Samples\;CMake Files\Source\Samples\01_HelloWorld\;CMake Files\Source\Samples\02_HelloGUI\;CMake Files\Source\Samples\03_Sprites\;CMake Files\Source\Samples\04_StaticScene\;CMake Files\Source\Samples\05_AnimatingScene\;CMake Files\Source\Samples\06_SkeletalAnimation\;CMake Files\Source\Samples\07_Billboards\;CMake Files\Source\Samples\08_Decals\;CMake Files\Source\Samples\09_MultipleViewports\;CMake Files\Source\Samples\10_RenderToTexture\;CMake Files\Source\Samples\11_Physics\;CMake Files\Source\Samples\12_PhysicsStressTest\;CMake Files\Source\Samples\13_Ragdolls\;CMake Files\Source\Samples\14_SoundEffects\;CMake Files\Source\Samples\15_Navigation\;CMake Files\Source\Samples\16_Chat\;CMake Files\Source\Samples\17_SceneReplication\;CMake Files\Source\Samples\18_CharacterDemo\;CMake Files\Source\Samples\19_VehicleDemo\;CMake Files\Source\Samples\20_HugeObjectCount\;CMake Files\Source\Samples\21_AngelScriptIntegration\;CMake Files\Source\Samples\22_LuaIntegration\;CMake Files\Source\Samples\23_Water\;CMake Files\Source\Samples\24_Urho2DSprite\;CMake Files\Source\Samples\25_Urho2DParticle\;CMake Files\Source\Samples\26_ConsoleInput\;CMake Files\Source\Samples\27_Urho2DPhysics\;CMake Files\Source\Samples\28_Urho2DPhysicsRope\;CMake Files\Source\Samples\29_SoundSynthesis\;CMake Files\Source\Samples\30_LightAnimation\;CMake Files\Source\Samples\31_MaterialAnimation\;CMake Files\Source\Samples\32_Urho2DConstraints\;CMake Files\Source\Samples\33_Urho2DSpriterAnimation\;CMake Files\Source\Samples\34_DynamicGeometry\;CMake Files\Source\Samples\35_SignedDistanceFieldText\;CMake Files\Source\Samples\36_Urho2DTileMap\;CMake Files\Source\Samples\37_UIDrag\;CMake Files\Source\Samples\38_SceneAndUILoad\;CMake Files\Source\Samples\39_CrowdNavigation\;CMake Files\Source\Samples\40_Localization\;CMake Files\Source\Samples\41_DatabaseDemo\;CMake Files\Source\Samples\42_PBRMaterials\;CMake Files\Source\Samples\43_HttpRequestDemo\;CMake Files\Source\Samples\44_RibbonTrailDemo\;CMake Files\Source\Samples\45_InverseKinematics\;CMake Files\Source\Samples\46_RaycastVehicle\;CMake Files\Source\Samples\47_Typography\;CMake Files\Source\Samples\48_Hello3DUI\;CMake Files\Source\Samples\49_Urho2DIsometricDemo\;CMake Files\Source\Samples\50_Urho2DPlatformer\;CMake Files\Source\Samples\51_Urho2DStretchableSprite\;CMake Files\CMake\;CMake Files\CMake\Modules\;CMake Files\Docs\;"/>
		<Build>
			<Target title="all">
				<Option working_dir="/home/bhagabot/dev/Urho3D/Source/Docs"/>
				<Option type="4"/>
				<MakeCommands>
					<Build command="/usr/bin/make -j8 -f &quot;/home/bhagabot/dev/Urho3D/Source/Docs/Makefile&quot;  VERBOSE=1 all"/>
					<CompileFile command="/usr/bin/make -j8 -f &quot;/home/bhagabot/dev/Urho3D/Source/Docs/Makefile&quot;  VERBOSE=1 &quot;$file&quot;"/>
					<Clean command="/usr/bin/make -j8 -f &quot;/home/bhagabot/dev/Urho3D/Source/Docs/Makefile&quot;  VERBOSE=1 clean"/>
					<DistClean command="/usr/bin/make -j8 -f &quot;/home/bhagabot/dev/Urho3D/Source/Docs/Makefile&quot;  VERBOSE=1 clean"/>
				</MakeCommands>
			</Target>
			<Target title="doc">
				<Option working_dir="/home/bhagabot/dev/Urho3D/Source/Docs"/>
				<Option type="4"/>
				<MakeCommands>
					<Build command="/usr/bin/make -j8 -f &quot;/home/bhagabot/dev/Urho3D/Source/Docs/Makefile&quot;  VERBOSE=1 doc"/>
					<CompileFile command="/usr/bin/make -j8 -f &quot;/home/bhagabot/dev/Urho3D/Source/Docs/Makefile&quot;  VERBOSE=1 &quot;$file&quot;"/>
					<Clean command="/usr/bin/make -j8 -f &quot;/home/bhagabot/dev/Urho3D/Source/Docs/Makefile&quot;  VERBOSE=1 clean"/>
					<DistClean command="/usr/bin/make -j8 -f &quot;/home/bhagabot/dev/Urho3D/Source/Docs/Makefile&quot;  VERBOSE=1 clean"/>
				</MakeCommands>
			</Target>
		</Build>
		<Unit filename="/home/bhagabot/dev/Urho3D/CMakeLists.txt">
			<Option virtualFolder="CMake Files\"/>
		</Unit>
		<Unit filename="/home/bhagabot/dev/Urho3D/Source/CMakeLists.txt">
			<Option virtualFolder="CMake Files\Source\"/>
		</Unit>
		<Unit filename="/home/bhagabot/dev/Urho3D/Source/ThirdParty/Assimp/CMakeLists.txt">
			<Option virtualFolder="CMake Files\Source\ThirdParty\Assimp\"/>
		</Unit>
		<Unit filename="/home/bhagabot/dev/Urho3D/Source/ThirdParty/Assimp/revision.h.in">
			<Option virtualFolder="CMake Files\Source\ThirdParty\Assimp\"/>
		</Unit>
		<Unit filename="/home/bhagabot/dev/Urho3D/Source/ThirdParty/Assimp/include/assimp/config.h.in">
			<Option virtualFolder="CMake Files\Source\ThirdParty\Assimp\include\assimp\"/>
		</Unit>
		<Unit filename="/home/bhagabot/dev/Urho3D/Source/ThirdParty/Assimp/contrib/zlib/zconf.h.cmakein">
			<Option virtualFolder="CMake Files\Source\ThirdParty\Assimp\contrib\zlib\"/>
		</Unit>
		<Unit filename="/home/bhagabot/dev/Urho3D/Source/ThirdParty/Assimp/code/CMakeLists.txt">
			<Option virtualFolder="CMake Files\Source\ThirdParty\Assimp\code\"/>
		</Unit>
		<Unit filename="/home/bhagabot/dev/Urho3D/Source/ThirdParty/Assimp/cmake-modules/FindRT.cmake">
			<Option virtualFolder="CMake Files\Source\ThirdParty\Assimp\cmake-modules\"/>
		</Unit>
		<Unit filename="/home/bhagabot/dev/Urho3D/Source/ThirdParty/FreeType/CMakeLists.txt">
			<Option virtualFolder="CMake Files\Source\ThirdParty\FreeType\"/>
		</Unit>
		<Unit filename="/home/bhagabot/dev/Urho3D/Source/ThirdParty/LZ4/CMakeLists.txt">
			<Option virtualFolder="CMake Files\Source\ThirdParty\LZ4\"/>
		</Unit>
		<Unit filename="/home/bhagabot/dev/Urho3D/Source/ThirdParty/PugiXml/CMakeLists.txt">
			<Option virtualFolder="CMake Files\Source\ThirdParty\PugiXml\"/>
		</Unit>
		<Unit filename="/home/bhagabot/dev/Urho3D/Source/ThirdParty/rapidjson/CMakeLists.txt">
			<Option virtualFolder="CMake Files\Source\ThirdParty\rapidjson\"/>
		</Unit>
		<Unit filename="/home/bhagabot/dev/Urho3D/Source/ThirdParty/SDL/CMakeLists.txt">
			<Option virtualFolder="CMake Files\Source\ThirdParty\SDL\"/>
		</Unit>
		<Unit filename="/home/bhagabot/dev/Urho3D/Source/ThirdParty/SDL/cmake/macros.cmake">
			<Option virtualFolder="CMake Files\Source\ThirdParty\SDL\cmake\"/>
		</Unit>
		<Unit filename="/home/bhagabot/dev/Urho3D/Source/ThirdParty/SDL/cmake/sdlchecks.cmake">
			<Option virtualFolder="CMake Files\Source\ThirdParty\SDL\cmake\"/>
		</Unit>
		<Unit filename="/home/bhagabot/dev/Urho3D/Source/ThirdParty/SDL/include/SDL_config.h.cmake">
			<Option virtualFolder="CMake Files\Source\ThirdParty\SDL\include\"/>
		</Unit>
		<Unit filename="/home/bhagabot/dev/Urho3D/Source/ThirdParty/StanHull/CMakeLists.txt">
			<Option virtualFolder="CMake Files\Source\ThirdParty\StanHull\"/>
		</Unit>
		<Unit filename="/home/bhagabot/dev/Urho3D/Source/ThirdParty/STB/CMakeLists.txt">
			<Option virtualFolder="CMake Files\Source\ThirdParty\STB\"/>
		</Unit>
		<Unit filename="/home/bhagabot/dev/Urho3D/Source/ThirdParty/AngelScript/CMakeLists.txt">
			<Option virtualFolder="CMake Files\Source\ThirdParty\AngelScript\"/>
		</Unit>
		<Unit filename="/home/bhagabot/dev/Urho3D/Source/ThirdParty/Lua/CMakeLists.txt">
			<Option virtualFolder="CMake Files\Source\ThirdParty\Lua\"/>
		</Unit>
		<Unit filename="/home/bhagabot/dev/Urho3D/Source/ThirdParty/toluapp/src/lib/CMakeLists.txt">
			<Option virtualFolder="CMake Files\Source\ThirdParty\toluapp\src\lib\"/>
		</Unit>
		<Unit filename="/home/bhagabot/dev/Urho3D/Source/ThirdParty/toluapp/src/bin/CMakeLists.txt">
			<Option virtualFolder="CMake Files\Source\ThirdParty\toluapp\src\bin\"/>
		</Unit>
		<Unit filename="/home/bhagabot/dev/Urho3D/Source/ThirdParty/Civetweb/CMakeLists.txt">
			<Option virtualFolder="CMake Files\Source\ThirdParty\Civetweb\"/>
		</Unit>
		<Unit filename="/home/bhagabot/dev/Urho3D/Source/ThirdParty/kNet/CMakeLists.txt">
			<Option virtualFolder="CMake Files\Source\ThirdParty\kNet\"/>
		</Unit>
		<Unit filename="/home/bhagabot/dev/Urho3D/Source/ThirdParty/ik/CMakeLists.txt">
			<Option virtualFolder="CMake Files\Source\ThirdParty\ik\"/>
		</Unit>
		<Unit filename="/home/bhagabot/dev/Urho3D/Source/ThirdParty/ik/include/ik/config.h.in">
			<Option virtualFolder="CMake Files\Source\ThirdParty\ik\include\ik\"/>
		</Unit>
		<Unit filename="/home/bhagabot/dev/Urho3D/Source/ThirdParty/ik/include/ik/export.h.in">
			<Option virtualFolder="CMake Files\Source\ThirdParty\ik\include\ik\"/>
		</Unit>
		<Unit filename="/home/bhagabot/dev/Urho3D/Source/ThirdParty/Detour/CMakeLists.txt">
			<Option virtualFolder="CMake Files\Source\ThirdParty\Detour\"/>
		</Unit>
		<Unit filename="/home/bhagabot/dev/Urho3D/Source/ThirdParty/DetourCrowd/CMakeLists.txt">
			<Option virtualFolder="CMake Files\Source\ThirdParty\DetourCrowd\"/>
		</Unit>
		<Unit filename="/home/bhagabot/dev/Urho3D/Source/ThirdParty/DetourTileCache/CMakeLists.txt">
			<Option virtualFolder="CMake Files\Source\ThirdParty\DetourTileCache\"/>
		</Unit>
		<Unit filename="/home/bhagabot/dev/Urho3D/Source/ThirdParty/Recast/CMakeLists.txt">
			<Option virtualFolder="CMake Files\Source\ThirdParty\Recast\"/>
		</Unit>
		<Unit filename="/home/bhagabot/dev/Urho3D/Source/ThirdParty/Box2D/CMakeLists.txt">
			<Option virtualFolder="CMake Files\Source\ThirdParty\Box2D\"/>
		</Unit>
		<Unit filename="/home/bhagabot/dev/Urho3D/Source/ThirdParty/WebP/CMakeLists.txt">
			<Option virtualFolder="CMake Files\Source\ThirdParty\WebP\"/>
		</Unit>
		<Unit filename="/home/bhagabot/dev/Urho3D/Source/ThirdParty/Bullet/CMakeLists.txt">
			<Option virtualFolder="CMake Files\Source\ThirdParty\Bullet\"/>
		</Unit>
		<Unit filename="/home/bhagabot/dev/Urho3D/Source/ThirdParty/GLEW/CMakeLists.txt">
			<Option virtualFolder="CMake Files\Source\ThirdParty\GLEW\"/>
		</Unit>
		<Unit filename="/home/bhagabot/dev/Urho3D/Source/Urho3D/CMakeLists.txt">
			<Option virtualFolder="CMake Files\Source\Urho3D\"/>
		</Unit>
		<Unit filename="/home/bhagabot/dev/Urho3D/Source/Urho3D/Urho3D.pc.in">
			<Option virtualFolder="CMake Files\Source\Urho3D\"/>
		</Unit>
		<Unit filename="/home/bhagabot/dev/Urho3D/Source/Urho3D/Urho3DAll.h.in">
			<Option virtualFolder="CMake Files\Source\Urho3D\"/>
		</Unit>
		<Unit filename="/home/bhagabot/dev/Urho3D/Source/Tools/CMakeLists.txt">
			<Option virtualFolder="CMake Files\Source\Tools\"/>
		</Unit>
		<Unit filename="/home/bhagabot/dev/Urho3D/Source/Tools/Urho3DPlayer/CMakeLists.txt">
			<Option virtualFolder="CMake Files\Source\Tools\Urho3DPlayer\"/>
		</Unit>
		<Unit filename="/home/bhagabot/dev/Urho3D/Source/Tools/AssetImporter/CMakeLists.txt">
			<Option virtualFolder="CMake Files\Source\Tools\AssetImporter\"/>
		</Unit>
		<Unit filename="/home/bhagabot/dev/Urho3D/Source/Tools/OgreImporter/CMakeLists.txt">
			<Option virtualFolder="CMake Files\Source\Tools\OgreImporter\"/>
		</Unit>
		<Unit filename="/home/bhagabot/dev/Urho3D/Source/Tools/PackageTool/CMakeLists.txt">
			<Option virtualFolder="CMake Files\Source\Tools\PackageTool\"/>
		</Unit>
		<Unit filename="/home/bhagabot/dev/Urho3D/Source/Tools/RampGenerator/CMakeLists.txt">
			<Option virtualFolder="CMake Files\Source\Tools\RampGenerator\"/>
		</Unit>
		<Unit filename="/home/bhagabot/dev/Urho3D/Source/Tools/SpritePacker/CMakeLists.txt">
			<Option virtualFolder="CMake Files\Source\Tools\SpritePacker\"/>
		</Unit>
		<Unit filename="/home/bhagabot/dev/Urho3D/Source/Tools/ScriptCompiler/CMakeLists.txt">
			<Option virtualFolder="CMake Files\Source\Tools\ScriptCompiler\"/>
		</Unit>
		<Unit filename="/home/bhagabot/dev/Urho3D/Source/Samples/CMakeLists.txt">
			<Option virtualFolder="CMake Files\Source\Samples\"/>
		</Unit>
		<Unit filename="/home/bhagabot/dev/Urho3D/Source/Samples/01_HelloWorld/CMakeLists.txt">
			<Option virtualFolder="CMake Files\Source\Samples\01_HelloWorld\"/>
		</Unit>
		<Unit filename="/home/bhagabot/dev/Urho3D/Source/Samples/02_HelloGUI/CMakeLists.txt">
			<Option virtualFolder="CMake Files\Source\Samples\02_HelloGUI\"/>
		</Unit>
		<Unit filename="/home/bhagabot/dev/Urho3D/Source/Samples/03_Sprites/CMakeLists.txt">
			<Option virtualFolder="CMake Files\Source\Samples\03_Sprites\"/>
		</Unit>
		<Unit filename="/home/bhagabot/dev/Urho3D/Source/Samples/04_StaticScene/CMakeLists.txt">
			<Option virtualFolder="CMake Files\Source\Samples\04_StaticScene\"/>
		</Unit>
		<Unit filename="/home/bhagabot/dev/Urho3D/Source/Samples/05_AnimatingScene/CMakeLists.txt">
			<Option virtualFolder="CMake Files\Source\Samples\05_AnimatingScene\"/>
		</Unit>
		<Unit filename="/home/bhagabot/dev/Urho3D/Source/Samples/06_SkeletalAnimation/CMakeLists.txt">
			<Option virtualFolder="CMake Files\Source\Samples\06_SkeletalAnimation\"/>
		</Unit>
		<Unit filename="/home/bhagabot/dev/Urho3D/Source/Samples/07_Billboards/CMakeLists.txt">
			<Option virtualFolder="CMake Files\Source\Samples\07_Billboards\"/>
		</Unit>
		<Unit filename="/home/bhagabot/dev/Urho3D/Source/Samples/08_Decals/CMakeLists.txt">
			<Option virtualFolder="CMake Files\Source\Samples\08_Decals\"/>
		</Unit>
		<Unit filename="/home/bhagabot/dev/Urho3D/Source/Samples/09_MultipleViewports/CMakeLists.txt">
			<Option virtualFolder="CMake Files\Source\Samples\09_MultipleViewports\"/>
		</Unit>
		<Unit filename="/home/bhagabot/dev/Urho3D/Source/Samples/10_RenderToTexture/CMakeLists.txt">
			<Option virtualFolder="CMake Files\Source\Samples\10_RenderToTexture\"/>
		</Unit>
		<Unit filename="/home/bhagabot/dev/Urho3D/Source/Samples/11_Physics/CMakeLists.txt">
			<Option virtualFolder="CMake Files\Source\Samples\11_Physics\"/>
		</Unit>
		<Unit filename="/home/bhagabot/dev/Urho3D/Source/Samples/12_PhysicsStressTest/CMakeLists.txt">
			<Option virtualFolder="CMake Files\Source\Samples\12_PhysicsStressTest\"/>
		</Unit>
		<Unit filename="/home/bhagabot/dev/Urho3D/Source/Samples/13_Ragdolls/CMakeLists.txt">
			<Option virtualFolder="CMake Files\Source\Samples\13_Ragdolls\"/>
		</Unit>
		<Unit filename="/home/bhagabot/dev/Urho3D/Source/Samples/14_SoundEffects/CMakeLists.txt">
			<Option virtualFolder="CMake Files\Source\Samples\14_SoundEffects\"/>
		</Unit>
		<Unit filename="/home/bhagabot/dev/Urho3D/Source/Samples/15_Navigation/CMakeLists.txt">
			<Option virtualFolder="CMake Files\Source\Samples\15_Navigation\"/>
		</Unit>
		<Unit filename="/home/bhagabot/dev/Urho3D/Source/Samples/16_Chat/CMakeLists.txt">
			<Option virtualFolder="CMake Files\Source\Samples\16_Chat\"/>
		</Unit>
		<Unit filename="/home/bhagabot/dev/Urho3D/Source/Samples/17_SceneReplication/CMakeLists.txt">
			<Option virtualFolder="CMake Files\Source\Samples\17_SceneReplication\"/>
		</Unit>
		<Unit filename="/home/bhagabot/dev/Urho3D/Source/Samples/18_CharacterDemo/CMakeLists.txt">
			<Option virtualFolder="CMake Files\Source\Samples\18_CharacterDemo\"/>
		</Unit>
		<Unit filename="/home/bhagabot/dev/Urho3D/Source/Samples/19_VehicleDemo/CMakeLists.txt">
			<Option virtualFolder="CMake Files\Source\Samples\19_VehicleDemo\"/>
		</Unit>
		<Unit filename="/home/bhagabot/dev/Urho3D/Source/Samples/20_HugeObjectCount/CMakeLists.txt">
			<Option virtualFolder="CMake Files\Source\Samples\20_HugeObjectCount\"/>
		</Unit>
		<Unit filename="/home/bhagabot/dev/Urho3D/Source/Samples/21_AngelScriptIntegration/CMakeLists.txt">
			<Option virtualFolder="CMake Files\Source\Samples\21_AngelScriptIntegration\"/>
		</Unit>
		<Unit filename="/home/bhagabot/dev/Urho3D/Source/Samples/22_LuaIntegration/CMakeLists.txt">
			<Option virtualFolder="CMake Files\Source\Samples\22_LuaIntegration\"/>
		</Unit>
		<Unit filename="/home/bhagabot/dev/Urho3D/Source/Samples/23_Water/CMakeLists.txt">
			<Option virtualFolder="CMake Files\Source\Samples\23_Water\"/>
		</Unit>
		<Unit filename="/home/bhagabot/dev/Urho3D/Source/Samples/24_Urho2DSprite/CMakeLists.txt">
			<Option virtualFolder="CMake Files\Source\Samples\24_Urho2DSprite\"/>
		</Unit>
		<Unit filename="/home/bhagabot/dev/Urho3D/Source/Samples/25_Urho2DParticle/CMakeLists.txt">
			<Option virtualFolder="CMake Files\Source\Samples\25_Urho2DParticle\"/>
		</Unit>
		<Unit filename="/home/bhagabot/dev/Urho3D/Source/Samples/26_ConsoleInput/CMakeLists.txt">
			<Option virtualFolder="CMake Files\Source\Samples\26_ConsoleInput\"/>
		</Unit>
		<Unit filename="/home/bhagabot/dev/Urho3D/Source/Samples/27_Urho2DPhysics/CMakeLists.txt">
			<Option virtualFolder="CMake Files\Source\Samples\27_Urho2DPhysics\"/>
		</Unit>
		<Unit filename="/home/bhagabot/dev/Urho3D/Source/Samples/28_Urho2DPhysicsRope/CMakeLists.txt">
			<Option virtualFolder="CMake Files\Source\Samples\28_Urho2DPhysicsRope\"/>
		</Unit>
		<Unit filename="/home/bhagabot/dev/Urho3D/Source/Samples/29_SoundSynthesis/CMakeLists.txt">
			<Option virtualFolder="CMake Files\Source\Samples\29_SoundSynthesis\"/>
		</Unit>
		<Unit filename="/home/bhagabot/dev/Urho3D/Source/Samples/30_LightAnimation/CMakeLists.txt">
			<Option virtualFolder="CMake Files\Source\Samples\30_LightAnimation\"/>
		</Unit>
		<Unit filename="/home/bhagabot/dev/Urho3D/Source/Samples/31_MaterialAnimation/CMakeLists.txt">
			<Option virtualFolder="CMake Files\Source\Samples\31_MaterialAnimation\"/>
		</Unit>
		<Unit filename="/home/bhagabot/dev/Urho3D/Source/Samples/32_Urho2DConstraints/CMakeLists.txt">
			<Option virtualFolder="CMake Files\Source\Samples\32_Urho2DConstraints\"/>
		</Unit>
		<Unit filename="/home/bhagabot/dev/Urho3D/Source/Samples/33_Urho2DSpriterAnimation/CMakeLists.txt">
			<Option virtualFolder="CMake Files\Source\Samples\33_Urho2DSpriterAnimation\"/>
		</Unit>
		<Unit filename="/home/bhagabot/dev/Urho3D/Source/Samples/34_DynamicGeometry/CMakeLists.txt">
			<Option virtualFolder="CMake Files\Source\Samples\34_DynamicGeometry\"/>
		</Unit>
		<Unit filename="/home/bhagabot/dev/Urho3D/Source/Samples/35_SignedDistanceFieldText/CMakeLists.txt">
			<Option virtualFolder="CMake Files\Source\Samples\35_SignedDistanceFieldText\"/>
		</Unit>
		<Unit filename="/home/bhagabot/dev/Urho3D/Source/Samples/36_Urho2DTileMap/CMakeLists.txt">
			<Option virtualFolder="CMake Files\Source\Samples\36_Urho2DTileMap\"/>
		</Unit>
		<Unit filename="/home/bhagabot/dev/Urho3D/Source/Samples/37_UIDrag/CMakeLists.txt">
			<Option virtualFolder="CMake Files\Source\Samples\37_UIDrag\"/>
		</Unit>
		<Unit filename="/home/bhagabot/dev/Urho3D/Source/Samples/38_SceneAndUILoad/CMakeLists.txt">
			<Option virtualFolder="CMake Files\Source\Samples\38_SceneAndUILoad\"/>
		</Unit>
		<Unit filename="/home/bhagabot/dev/Urho3D/Source/Samples/39_CrowdNavigation/CMakeLists.txt">
			<Option virtualFolder="CMake Files\Source\Samples\39_CrowdNavigation\"/>
		</Unit>
		<Unit filename="/home/bhagabot/dev/Urho3D/Source/Samples/40_Localization/CMakeLists.txt">
			<Option virtualFolder="CMake Files\Source\Samples\40_Localization\"/>
		</Unit>
		<Unit filename="/home/bhagabot/dev/Urho3D/Source/Samples/41_DatabaseDemo/CMakeLists.txt">
			<Option virtualFolder="CMake Files\Source\Samples\41_DatabaseDemo\"/>
		</Unit>
		<Unit filename="/home/bhagabot/dev/Urho3D/Source/Samples/42_PBRMaterials/CMakeLists.txt">
			<Option virtualFolder="CMake Files\Source\Samples\42_PBRMaterials\"/>
		</Unit>
		<Unit filename="/home/bhagabot/dev/Urho3D/Source/Samples/43_HttpRequestDemo/CMakeLists.txt">
			<Option virtualFolder="CMake Files\Source\Samples\43_HttpRequestDemo\"/>
		</Unit>
		<Unit filename="/home/bhagabot/dev/Urho3D/Source/Samples/44_RibbonTrailDemo/CMakeLists.txt">
			<Option virtualFolder="CMake Files\Source\Samples\44_RibbonTrailDemo\"/>
		</Unit>
		<Unit filename="/home/bhagabot/dev/Urho3D/Source/Samples/45_InverseKinematics/CMakeLists.txt">
			<Option virtualFolder="CMake Files\Source\Samples\45_InverseKinematics\"/>
		</Unit>
		<Unit filename="/home/bhagabot/dev/Urho3D/Source/Samples/46_RaycastVehicle/CMakeLists.txt">
			<Option virtualFolder="CMake Files\Source\Samples\46_RaycastVehicle\"/>
		</Unit>
		<Unit filename="/home/bhagabot/dev/Urho3D/Source/Samples/47_Typography/CMakeLists.txt">
			<Option virtualFolder="CMake Files\Source\Samples\47_Typography\"/>
		</Unit>
		<Unit filename="/home/bhagabot/dev/Urho3D/Source/Samples/48_Hello3DUI/CMakeLists.txt">
			<Option virtualFolder="CMake Files\Source\Samples\48_Hello3DUI\"/>
		</Unit>
		<Unit filename="/home/bhagabot/dev/Urho3D/Source/Samples/49_Urho2DIsometricDemo/CMakeLists.txt">
			<Option virtualFolder="CMake Files\Source\Samples\49_Urho2DIsometricDemo\"/>
		</Unit>
		<Unit filename="/home/bhagabot/dev/Urho3D/Source/Samples/50_Urho2DPlatformer/CMakeLists.txt">
			<Option virtualFolder="CMake Files\Source\Samples\50_Urho2DPlatformer\"/>
		</Unit>
		<Unit filename="/home/bhagabot/dev/Urho3D/Source/Samples/51_Urho2DStretchableSprite/CMakeLists.txt">
			<Option virtualFolder="CMake Files\Source\Samples\51_Urho2DStretchableSprite\"/>
		</Unit>
		<Unit filename="/home/bhagabot/dev/Urho3D/CMake/Modules/CheckCompilerToolchain.cmake">
			<Option virtualFolder="CMake Files\CMake\Modules\"/>
		</Unit>
		<Unit filename="/home/bhagabot/dev/Urho3D/CMake/Modules/CheckHost.cmake">
			<Option virtualFolder="CMake Files\CMake\Modules\"/>
		</Unit>
		<Unit filename="/home/bhagabot/dev/Urho3D/CMake/Modules/FindDirectRenderingManager.cmake">
			<Option virtualFolder="CMake Files\CMake\Modules\"/>
		</Unit>
		<Unit filename="/home/bhagabot/dev/Urho3D/CMake/Modules/FindEsound.cmake">
			<Option virtualFolder="CMake Files\CMake\Modules\"/>
		</Unit>
		<Unit filename="/home/bhagabot/dev/Urho3D/CMake/Modules/FindFusionSound.cmake">
			<Option virtualFolder="CMake Files\CMake\Modules\"/>
		</Unit>
		<Unit filename="/home/bhagabot/dev/Urho3D/CMake/Modules/FindGenericBufferManagement.cmake">
			<Option virtualFolder="CMake Files\CMake\Modules\"/>
		</Unit>
		<Unit filename="/home/bhagabot/dev/Urho3D/CMake/Modules/FindJack.cmake">
			<Option virtualFolder="CMake Files\CMake\Modules\"/>
		</Unit>
		<Unit filename="/home/bhagabot/dev/Urho3D/CMake/Modules/FindNetworkAudioSystem.cmake">
			<Option virtualFolder="CMake Files\CMake\Modules\"/>
		</Unit>
		<Unit filename="/home/bhagabot/dev/Urho3D/CMake/Modules/FindOSS.cmake">
			<Option virtualFolder="CMake Files\CMake\Modules\"/>
		</Unit>
		<Unit filename="/home/bhagabot/dev/Urho3D/CMake/Modules/FindPulseAudio.cmake">
			<Option virtualFolder="CMake Files\CMake\Modules\"/>
		</Unit>
		<Unit filename="/home/bhagabot/dev/Urho3D/CMake/Modules/FindReadline.cmake">
			<Option virtualFolder="CMake Files\CMake\Modules\"/>
		</Unit>
		<Unit filename="/home/bhagabot/dev/Urho3D/CMake/Modules/FindRoarAudio.cmake">
			<Option virtualFolder="CMake Files\CMake\Modules\"/>
		</Unit>
		<Unit filename="/home/bhagabot/dev/Urho3D/CMake/Modules/FindSecretRabbitCode.cmake">
			<Option virtualFolder="CMake Files\CMake\Modules\"/>
		</Unit>
		<Unit filename="/home/bhagabot/dev/Urho3D/CMake/Modules/FindUrho3D.cmake">
			<Option virtualFolder="CMake Files\CMake\Modules\"/>
		</Unit>
		<Unit filename="/home/bhagabot/dev/Urho3D/CMake/Modules/FindWayland.cmake">
			<Option virtualFolder="CMake Files\CMake\Modules\"/>
		</Unit>
		<Unit filename="/home/bhagabot/dev/Urho3D/CMake/Modules/FindaRts.cmake">
			<Option virtualFolder="CMake Files\CMake\Modules\"/>
		</Unit>
		<Unit filename="/home/bhagabot/dev/Urho3D/CMake/Modules/GenerateExportHeader.cmake">
			<Option virtualFolder="CMake Files\CMake\Modules\"/>
		</Unit>
		<Unit filename="/home/bhagabot/dev/Urho3D/CMake/Modules/UrhoCommon.cmake">
			<Option virtualFolder="CMake Files\CMake\Modules\"/>
		</Unit>
		<Unit filename="/home/bhagabot/dev/Urho3D/CMake/Modules/exportheader.cmake.in">
			<Option virtualFolder="CMake Files\CMake\Modules\"/>
		</Unit>
		<Unit filename="/home/bhagabot/dev/Urho3D/Docs/CMakeLists.txt">
			<Option virtualFolder="CMake Files\Docs\"/>
		</Unit>
		<Unit filename="/home/bhagabot/dev/Urho3D/Docs/Doxyfile.in">
			<Option virtualFolder="CMake Files\Docs\"/>
		</Unit>
	</Project>
</CodeBlocks_project_file>
