<?xml version="1.0" encoding="UTF-8"?>
<CodeBlocks_project_file>
	<FileVersion major="1" minor="6"/>
	<Project>
		<Option title="Urho3D-Docs"/>
		<Option makefile_is_custom="1"/>
		<Option compiler="gcc"/>
		<Option virtualFolders="CMake Files\;CMake Files\Source\;CMake Files\Source\ThirdParty\;CMake Files\Source\ThirdParty\Assimp\;CMake Files\Source\ThirdParty\Assimp\include\;CMake Files\Source\ThirdParty\Assimp\include\assimp\;CMake Files\Source\ThirdParty\Assimp\contrib\;CMake Files\Source\ThirdParty\Assimp\contrib\zlib\;CMake Files\Source\ThirdParty\Assimp\code\;CMake Files\Source\ThirdParty\Assimp\cmake-modules\;CMake Files\Source\ThirdParty\FreeType\;CMake Files\Source\ThirdParty\LZ4\;CMake Files\Source\ThirdParty\PugiXml\;CMake Files\Source\ThirdParty\rapidjson\;CMake Files\Source\ThirdParty\SDL\;CMake Files\Source\ThirdParty\SDL\cmake\;CMake Files\Source\ThirdParty\SDL\include\;CMake Files\Source\ThirdParty\StanHull\;CMake Files\Source\ThirdParty\STB\;CMake Files\Source\ThirdParty\AngelScript\;CMake Files\Source\ThirdParty\Lua\;CMake Files\Source\ThirdParty\toluapp\;CMake Files\Source\ThirdParty\toluapp\src\;CMake Files\Source\ThirdParty\toluapp\src\lib\;CMake Files\Source\ThirdParty\toluapp\src\bin\;CMake Files\Source\ThirdParty\Civetweb\;CMake Files\Source\ThirdParty\kNet\;CMake Files\Source\ThirdParty\ik\;CMake Files\Source\ThirdParty\ik\include\;CMake Files\Source\ThirdParty\ik\include\ik\;CMake Files\Source\ThirdParty\Detour\;CMake Files\Source\ThirdParty\DetourCrowd\;CMake Files\Source\ThirdParty\DetourTileCache\;CMake Files\Source\ThirdParty\Recast\;CMake Files\Source\ThirdParty\Box2D\;CMake Files\Source\ThirdParty\WebP\;CMake Files\Source\ThirdParty\Bullet\;CMake Files\Source\ThirdParty\GLEW\;CMake Files\Source\Urho3D\;CMake Files\Source\Tools\;CMake Files\Source\Tools\Urho3DPlayer\;CMake Files\Source\Tools\AssetImporter\;CMake Files\Source\Tools\OgreImporter\;CMake Files\Source\Tools\PackageTool\;CMake Files\Source\Tools\RampGenerator\;CMake Files\Source\Tools\SpritePacker\;CMake Files\Source\Tools\ScriptCompiler\;CMake Files\Source\Game\;CMake Files\Source\Game\MayaSpace\;CMake Files\CMake\;CMake Files\CMake\Modules\;CMake Files\Docs\;"/>
		<Build>
			<Target title="all">
				<Option working_dir="/code/dev/MayaSpace/src/Urho3D/Docs"/>
				<Option type="4"/>
				<MakeCommands>
					<Build command="/bin/gmake -f &quot;/code/dev/MayaSpace/src/Urho3D/Docs/Makefile&quot;  VERBOSE=1 all"/>
					<CompileFile command="/bin/gmake -f &quot;/code/dev/MayaSpace/src/Urho3D/Docs/Makefile&quot;  VERBOSE=1 &quot;$file&quot;"/>
					<Clean command="/bin/gmake -f &quot;/code/dev/MayaSpace/src/Urho3D/Docs/Makefile&quot;  VERBOSE=1 clean"/>
					<DistClean command="/bin/gmake -f &quot;/code/dev/MayaSpace/src/Urho3D/Docs/Makefile&quot;  VERBOSE=1 clean"/>
				</MakeCommands>
			</Target>
			<Target title="doc">
				<Option working_dir="/code/dev/MayaSpace/src/Urho3D/Docs"/>
				<Option type="4"/>
				<MakeCommands>
					<Build command="/bin/gmake -f &quot;/code/dev/MayaSpace/src/Urho3D/Docs/Makefile&quot;  VERBOSE=1 doc"/>
					<CompileFile command="/bin/gmake -f &quot;/code/dev/MayaSpace/src/Urho3D/Docs/Makefile&quot;  VERBOSE=1 &quot;$file&quot;"/>
					<Clean command="/bin/gmake -f &quot;/code/dev/MayaSpace/src/Urho3D/Docs/Makefile&quot;  VERBOSE=1 clean"/>
					<DistClean command="/bin/gmake -f &quot;/code/dev/MayaSpace/src/Urho3D/Docs/Makefile&quot;  VERBOSE=1 clean"/>
				</MakeCommands>
			</Target>
		</Build>
		<Unit filename="/code/dev/MayaSpace/src/Urho3D/CMakeLists.txt">
			<Option virtualFolder="CMake Files\"/>
		</Unit>
		<Unit filename="/code/dev/MayaSpace/src/Urho3D/Source/CMakeLists.txt">
			<Option virtualFolder="CMake Files\Source\"/>
		</Unit>
		<Unit filename="/code/dev/MayaSpace/src/Urho3D/Source/ThirdParty/Assimp/CMakeLists.txt">
			<Option virtualFolder="CMake Files\Source\ThirdParty\Assimp\"/>
		</Unit>
		<Unit filename="/code/dev/MayaSpace/src/Urho3D/Source/ThirdParty/Assimp/revision.h.in">
			<Option virtualFolder="CMake Files\Source\ThirdParty\Assimp\"/>
		</Unit>
		<Unit filename="/code/dev/MayaSpace/src/Urho3D/Source/ThirdParty/Assimp/include/assimp/config.h.in">
			<Option virtualFolder="CMake Files\Source\ThirdParty\Assimp\include\assimp\"/>
		</Unit>
		<Unit filename="/code/dev/MayaSpace/src/Urho3D/Source/ThirdParty/Assimp/contrib/zlib/zconf.h.cmakein">
			<Option virtualFolder="CMake Files\Source\ThirdParty\Assimp\contrib\zlib\"/>
		</Unit>
		<Unit filename="/code/dev/MayaSpace/src/Urho3D/Source/ThirdParty/Assimp/code/CMakeLists.txt">
			<Option virtualFolder="CMake Files\Source\ThirdParty\Assimp\code\"/>
		</Unit>
		<Unit filename="/code/dev/MayaSpace/src/Urho3D/Source/ThirdParty/Assimp/cmake-modules/FindRT.cmake">
			<Option virtualFolder="CMake Files\Source\ThirdParty\Assimp\cmake-modules\"/>
		</Unit>
		<Unit filename="/code/dev/MayaSpace/src/Urho3D/Source/ThirdParty/FreeType/CMakeLists.txt">
			<Option virtualFolder="CMake Files\Source\ThirdParty\FreeType\"/>
		</Unit>
		<Unit filename="/code/dev/MayaSpace/src/Urho3D/Source/ThirdParty/LZ4/CMakeLists.txt">
			<Option virtualFolder="CMake Files\Source\ThirdParty\LZ4\"/>
		</Unit>
		<Unit filename="/code/dev/MayaSpace/src/Urho3D/Source/ThirdParty/PugiXml/CMakeLists.txt">
			<Option virtualFolder="CMake Files\Source\ThirdParty\PugiXml\"/>
		</Unit>
		<Unit filename="/code/dev/MayaSpace/src/Urho3D/Source/ThirdParty/rapidjson/CMakeLists.txt">
			<Option virtualFolder="CMake Files\Source\ThirdParty\rapidjson\"/>
		</Unit>
		<Unit filename="/code/dev/MayaSpace/src/Urho3D/Source/ThirdParty/SDL/CMakeLists.txt">
			<Option virtualFolder="CMake Files\Source\ThirdParty\SDL\"/>
		</Unit>
		<Unit filename="/code/dev/MayaSpace/src/Urho3D/Source/ThirdParty/SDL/cmake/macros.cmake">
			<Option virtualFolder="CMake Files\Source\ThirdParty\SDL\cmake\"/>
		</Unit>
		<Unit filename="/code/dev/MayaSpace/src/Urho3D/Source/ThirdParty/SDL/cmake/sdlchecks.cmake">
			<Option virtualFolder="CMake Files\Source\ThirdParty\SDL\cmake\"/>
		</Unit>
		<Unit filename="/code/dev/MayaSpace/src/Urho3D/Source/ThirdParty/SDL/include/SDL_config.h.cmake">
			<Option virtualFolder="CMake Files\Source\ThirdParty\SDL\include\"/>
		</Unit>
		<Unit filename="/code/dev/MayaSpace/src/Urho3D/Source/ThirdParty/StanHull/CMakeLists.txt">
			<Option virtualFolder="CMake Files\Source\ThirdParty\StanHull\"/>
		</Unit>
		<Unit filename="/code/dev/MayaSpace/src/Urho3D/Source/ThirdParty/STB/CMakeLists.txt">
			<Option virtualFolder="CMake Files\Source\ThirdParty\STB\"/>
		</Unit>
		<Unit filename="/code/dev/MayaSpace/src/Urho3D/Source/ThirdParty/AngelScript/CMakeLists.txt">
			<Option virtualFolder="CMake Files\Source\ThirdParty\AngelScript\"/>
		</Unit>
		<Unit filename="/code/dev/MayaSpace/src/Urho3D/Source/ThirdParty/Lua/CMakeLists.txt">
			<Option virtualFolder="CMake Files\Source\ThirdParty\Lua\"/>
		</Unit>
		<Unit filename="/code/dev/MayaSpace/src/Urho3D/Source/ThirdParty/toluapp/src/lib/CMakeLists.txt">
			<Option virtualFolder="CMake Files\Source\ThirdParty\toluapp\src\lib\"/>
		</Unit>
		<Unit filename="/code/dev/MayaSpace/src/Urho3D/Source/ThirdParty/toluapp/src/bin/CMakeLists.txt">
			<Option virtualFolder="CMake Files\Source\ThirdParty\toluapp\src\bin\"/>
		</Unit>
		<Unit filename="/code/dev/MayaSpace/src/Urho3D/Source/ThirdParty/Civetweb/CMakeLists.txt">
			<Option virtualFolder="CMake Files\Source\ThirdParty\Civetweb\"/>
		</Unit>
		<Unit filename="/code/dev/MayaSpace/src/Urho3D/Source/ThirdParty/kNet/CMakeLists.txt">
			<Option virtualFolder="CMake Files\Source\ThirdParty\kNet\"/>
		</Unit>
		<Unit filename="/code/dev/MayaSpace/src/Urho3D/Source/ThirdParty/ik/CMakeLists.txt">
			<Option virtualFolder="CMake Files\Source\ThirdParty\ik\"/>
		</Unit>
		<Unit filename="/code/dev/MayaSpace/src/Urho3D/Source/ThirdParty/ik/include/ik/config.h.in">
			<Option virtualFolder="CMake Files\Source\ThirdParty\ik\include\ik\"/>
		</Unit>
		<Unit filename="/code/dev/MayaSpace/src/Urho3D/Source/ThirdParty/ik/include/ik/export.h.in">
			<Option virtualFolder="CMake Files\Source\ThirdParty\ik\include\ik\"/>
		</Unit>
		<Unit filename="/code/dev/MayaSpace/src/Urho3D/Source/ThirdParty/Detour/CMakeLists.txt">
			<Option virtualFolder="CMake Files\Source\ThirdParty\Detour\"/>
		</Unit>
		<Unit filename="/code/dev/MayaSpace/src/Urho3D/Source/ThirdParty/DetourCrowd/CMakeLists.txt">
			<Option virtualFolder="CMake Files\Source\ThirdParty\DetourCrowd\"/>
		</Unit>
		<Unit filename="/code/dev/MayaSpace/src/Urho3D/Source/ThirdParty/DetourTileCache/CMakeLists.txt">
			<Option virtualFolder="CMake Files\Source\ThirdParty\DetourTileCache\"/>
		</Unit>
		<Unit filename="/code/dev/MayaSpace/src/Urho3D/Source/ThirdParty/Recast/CMakeLists.txt">
			<Option virtualFolder="CMake Files\Source\ThirdParty\Recast\"/>
		</Unit>
		<Unit filename="/code/dev/MayaSpace/src/Urho3D/Source/ThirdParty/Box2D/CMakeLists.txt">
			<Option virtualFolder="CMake Files\Source\ThirdParty\Box2D\"/>
		</Unit>
		<Unit filename="/code/dev/MayaSpace/src/Urho3D/Source/ThirdParty/WebP/CMakeLists.txt">
			<Option virtualFolder="CMake Files\Source\ThirdParty\WebP\"/>
		</Unit>
		<Unit filename="/code/dev/MayaSpace/src/Urho3D/Source/ThirdParty/Bullet/CMakeLists.txt">
			<Option virtualFolder="CMake Files\Source\ThirdParty\Bullet\"/>
		</Unit>
		<Unit filename="/code/dev/MayaSpace/src/Urho3D/Source/ThirdParty/GLEW/CMakeLists.txt">
			<Option virtualFolder="CMake Files\Source\ThirdParty\GLEW\"/>
		</Unit>
		<Unit filename="/code/dev/MayaSpace/src/Urho3D/Source/Urho3D/CMakeLists.txt">
			<Option virtualFolder="CMake Files\Source\Urho3D\"/>
		</Unit>
		<Unit filename="/code/dev/MayaSpace/src/Urho3D/Source/Urho3D/Urho3D.pc.in">
			<Option virtualFolder="CMake Files\Source\Urho3D\"/>
		</Unit>
		<Unit filename="/code/dev/MayaSpace/src/Urho3D/Source/Urho3D/Urho3DAll.h.in">
			<Option virtualFolder="CMake Files\Source\Urho3D\"/>
		</Unit>
		<Unit filename="/code/dev/MayaSpace/src/Urho3D/Source/Tools/CMakeLists.txt">
			<Option virtualFolder="CMake Files\Source\Tools\"/>
		</Unit>
		<Unit filename="/code/dev/MayaSpace/src/Urho3D/Source/Tools/Urho3DPlayer/CMakeLists.txt">
			<Option virtualFolder="CMake Files\Source\Tools\Urho3DPlayer\"/>
		</Unit>
		<Unit filename="/code/dev/MayaSpace/src/Urho3D/Source/Tools/AssetImporter/CMakeLists.txt">
			<Option virtualFolder="CMake Files\Source\Tools\AssetImporter\"/>
		</Unit>
		<Unit filename="/code/dev/MayaSpace/src/Urho3D/Source/Tools/OgreImporter/CMakeLists.txt">
			<Option virtualFolder="CMake Files\Source\Tools\OgreImporter\"/>
		</Unit>
		<Unit filename="/code/dev/MayaSpace/src/Urho3D/Source/Tools/PackageTool/CMakeLists.txt">
			<Option virtualFolder="CMake Files\Source\Tools\PackageTool\"/>
		</Unit>
		<Unit filename="/code/dev/MayaSpace/src/Urho3D/Source/Tools/RampGenerator/CMakeLists.txt">
			<Option virtualFolder="CMake Files\Source\Tools\RampGenerator\"/>
		</Unit>
		<Unit filename="/code/dev/MayaSpace/src/Urho3D/Source/Tools/SpritePacker/CMakeLists.txt">
			<Option virtualFolder="CMake Files\Source\Tools\SpritePacker\"/>
		</Unit>
		<Unit filename="/code/dev/MayaSpace/src/Urho3D/Source/Tools/ScriptCompiler/CMakeLists.txt">
			<Option virtualFolder="CMake Files\Source\Tools\ScriptCompiler\"/>
		</Unit>
		<Unit filename="/code/dev/MayaSpace/src/Urho3D/Source/Game/CMakeLists.txt">
			<Option virtualFolder="CMake Files\Source\Game\"/>
		</Unit>
		<Unit filename="/code/dev/MayaSpace/src/Urho3D/Source/Game/MayaSpace/CMakeLists.txt">
			<Option virtualFolder="CMake Files\Source\Game\MayaSpace\"/>
		</Unit>
		<Unit filename="/code/dev/MayaSpace/src/Urho3D/CMake/Modules/CheckCompilerToolchain.cmake">
			<Option virtualFolder="CMake Files\CMake\Modules\"/>
		</Unit>
		<Unit filename="/code/dev/MayaSpace/src/Urho3D/CMake/Modules/CheckHost.cmake">
			<Option virtualFolder="CMake Files\CMake\Modules\"/>
		</Unit>
		<Unit filename="/code/dev/MayaSpace/src/Urho3D/CMake/Modules/FindDirectRenderingManager.cmake">
			<Option virtualFolder="CMake Files\CMake\Modules\"/>
		</Unit>
		<Unit filename="/code/dev/MayaSpace/src/Urho3D/CMake/Modules/FindEsound.cmake">
			<Option virtualFolder="CMake Files\CMake\Modules\"/>
		</Unit>
		<Unit filename="/code/dev/MayaSpace/src/Urho3D/CMake/Modules/FindFusionSound.cmake">
			<Option virtualFolder="CMake Files\CMake\Modules\"/>
		</Unit>
		<Unit filename="/code/dev/MayaSpace/src/Urho3D/CMake/Modules/FindGenericBufferManagement.cmake">
			<Option virtualFolder="CMake Files\CMake\Modules\"/>
		</Unit>
		<Unit filename="/code/dev/MayaSpace/src/Urho3D/CMake/Modules/FindJack.cmake">
			<Option virtualFolder="CMake Files\CMake\Modules\"/>
		</Unit>
		<Unit filename="/code/dev/MayaSpace/src/Urho3D/CMake/Modules/FindNetworkAudioSystem.cmake">
			<Option virtualFolder="CMake Files\CMake\Modules\"/>
		</Unit>
		<Unit filename="/code/dev/MayaSpace/src/Urho3D/CMake/Modules/FindOSS.cmake">
			<Option virtualFolder="CMake Files\CMake\Modules\"/>
		</Unit>
		<Unit filename="/code/dev/MayaSpace/src/Urho3D/CMake/Modules/FindPulseAudio.cmake">
			<Option virtualFolder="CMake Files\CMake\Modules\"/>
		</Unit>
		<Unit filename="/code/dev/MayaSpace/src/Urho3D/CMake/Modules/FindReadline.cmake">
			<Option virtualFolder="CMake Files\CMake\Modules\"/>
		</Unit>
		<Unit filename="/code/dev/MayaSpace/src/Urho3D/CMake/Modules/FindRoarAudio.cmake">
			<Option virtualFolder="CMake Files\CMake\Modules\"/>
		</Unit>
		<Unit filename="/code/dev/MayaSpace/src/Urho3D/CMake/Modules/FindSecretRabbitCode.cmake">
			<Option virtualFolder="CMake Files\CMake\Modules\"/>
		</Unit>
		<Unit filename="/code/dev/MayaSpace/src/Urho3D/CMake/Modules/FindUrho3D.cmake">
			<Option virtualFolder="CMake Files\CMake\Modules\"/>
		</Unit>
		<Unit filename="/code/dev/MayaSpace/src/Urho3D/CMake/Modules/FindaRts.cmake">
			<Option virtualFolder="CMake Files\CMake\Modules\"/>
		</Unit>
		<Unit filename="/code/dev/MayaSpace/src/Urho3D/CMake/Modules/GenerateExportHeader.cmake">
			<Option virtualFolder="CMake Files\CMake\Modules\"/>
		</Unit>
		<Unit filename="/code/dev/MayaSpace/src/Urho3D/CMake/Modules/UrhoCommon.cmake">
			<Option virtualFolder="CMake Files\CMake\Modules\"/>
		</Unit>
		<Unit filename="/code/dev/MayaSpace/src/Urho3D/CMake/Modules/exportheader.cmake.in">
			<Option virtualFolder="CMake Files\CMake\Modules\"/>
		</Unit>
		<Unit filename="/code/dev/MayaSpace/src/Urho3D/Docs/CMakeLists.txt">
			<Option virtualFolder="CMake Files\Docs\"/>
		</Unit>
		<Unit filename="/code/dev/MayaSpace/src/Urho3D/Docs/Doxyfile.in">
			<Option virtualFolder="CMake Files\Docs\"/>
		</Unit>
	</Project>
</CodeBlocks_project_file>
